
Microsoft Visual Studio Solution File, Format Version 12.00
# Visual Studio Version 17
VisualStudioVersion = 17.2.32630.192
MinimumVisualStudioVersion = 10.0.40219.1
Project("{FAE04EC0-301F-11D3-BF4B-00C04F79EFBC}") = "Editor de Texto", "Editor de Texto.csproj", "{4628D6F3-0963-48EE-B597-323CC6CC1FAC}"
EndProject
Global
	GlobalSection(SolutionConfigurationPlatforms) = preSolution
		Debug|Any CPU = Debug|Any CPU
		Release|Any CPU = Release|Any CPU
	EndGlobalSection
	GlobalSection(ProjectConfigurationPlatforms) = postSolution
		{4628D6F3-0963-48EE-B597-323CC6CC1FAC}.Debug|Any CPU.ActiveCfg = Debug|Any CPU
		{4628D6F3-0963-48EE-B597-323CC6CC1FAC}.Debug|Any CPU.Build.0 = Debug|Any CPU
		{4628D6F3-0963-48EE-B597-323CC6CC1FAC}.Release|Any CPU.ActiveCfg = Release|Any CPU
		{4628D6F3-0963-48EE-B597-323CC6CC1FAC}.Release|Any CPU.Build.0 = Release|Any CPU
	EndGlobalSection
	GlobalSection(SolutionProperties) = preSolution
		HideSolutionNode = FALSE
	EndGlobalSection
	GlobalSection(ExtensibilityGlobals) = postSolution
		SolutionGuid = {5E431DF7-48FA-49D9-8D9C-C53A3CF6F2E6}
	EndGlobalSection
EndGlobal
